
Microsoft Visual Studio Solution File, Format Version 12.00
# Visual Studio Version 17
VisualStudioVersion = 17.0.31903.59
MinimumVisualStudioVersion = 10.0.40219.1
Project("{FAE04EC0-301F-11D3-BF4B-00C04F79EFBC}") = "HowManyOfThisType", "HowManyOfThisType\HowManyOfThisType.csproj", "{A8F20276-1D59-48C1-BE89-A07A9346B304}"
EndProject
Project("{FAE04EC0-301F-11D3-BF4B-00C04F79EFBC}") = "TheyCameBefore", "TheyCameBefore\TheyCameBefore.csproj", "{EF3A62D3-AE35-4D5E-BE34-BFDBE0AAFC39}"
EndProject
Project("{FAE04EC0-301F-11D3-BF4B-00C04F79EFBC}") = "MyGenericClass", "MyGenericClass\MyGenericClass.csproj", "{35332AF2-D3C8-444C-87E9-696E82FB576D}"
EndProject
Project("{FAE04EC0-301F-11D3-BF4B-00C04F79EFBC}") = "MyEnumerable", "MyEnumerable\MyEnumerable.csproj", "{A105023E-F7E3-4007-81B4-B706ED8A6425}"
EndProject
Project("{FAE04EC0-301F-11D3-BF4B-00C04F79EFBC}") = "JustLikeACollection", "JustLikeACollection\JustLikeACollection.csproj", "{F39475A1-96AA-4923-8563-FD96207C24F9}"
EndProject
Global
	GlobalSection(SolutionConfigurationPlatforms) = preSolution
		Debug|Any CPU = Debug|Any CPU
		Release|Any CPU = Release|Any CPU
	EndGlobalSection
	GlobalSection(SolutionProperties) = preSolution
		HideSolutionNode = FALSE
	EndGlobalSection
	GlobalSection(ProjectConfigurationPlatforms) = postSolution
		{A8F20276-1D59-48C1-BE89-A07A9346B304}.Debug|Any CPU.ActiveCfg = Debug|Any CPU
		{A8F20276-1D59-48C1-BE89-A07A9346B304}.Debug|Any CPU.Build.0 = Debug|Any CPU
		{A8F20276-1D59-48C1-BE89-A07A9346B304}.Release|Any CPU.ActiveCfg = Release|Any CPU
		{A8F20276-1D59-48C1-BE89-A07A9346B304}.Release|Any CPU.Build.0 = Release|Any CPU
		{EF3A62D3-AE35-4D5E-BE34-BFDBE0AAFC39}.Debug|Any CPU.ActiveCfg = Debug|Any CPU
		{EF3A62D3-AE35-4D5E-BE34-BFDBE0AAFC39}.Debug|Any CPU.Build.0 = Debug|Any CPU
		{EF3A62D3-AE35-4D5E-BE34-BFDBE0AAFC39}.Release|Any CPU.ActiveCfg = Release|Any CPU
		{EF3A62D3-AE35-4D5E-BE34-BFDBE0AAFC39}.Release|Any CPU.Build.0 = Release|Any CPU
		{35332AF2-D3C8-444C-87E9-696E82FB576D}.Debug|Any CPU.ActiveCfg = Debug|Any CPU
		{35332AF2-D3C8-444C-87E9-696E82FB576D}.Debug|Any CPU.Build.0 = Debug|Any CPU
		{35332AF2-D3C8-444C-87E9-696E82FB576D}.Release|Any CPU.ActiveCfg = Release|Any CPU
		{35332AF2-D3C8-444C-87E9-696E82FB576D}.Release|Any CPU.Build.0 = Release|Any CPU
		{A105023E-F7E3-4007-81B4-B706ED8A6425}.Debug|Any CPU.ActiveCfg = Debug|Any CPU
		{A105023E-F7E3-4007-81B4-B706ED8A6425}.Debug|Any CPU.Build.0 = Debug|Any CPU
		{A105023E-F7E3-4007-81B4-B706ED8A6425}.Release|Any CPU.ActiveCfg = Release|Any CPU
		{A105023E-F7E3-4007-81B4-B706ED8A6425}.Release|Any CPU.Build.0 = Release|Any CPU
		{F39475A1-96AA-4923-8563-FD96207C24F9}.Debug|Any CPU.ActiveCfg = Debug|Any CPU
		{F39475A1-96AA-4923-8563-FD96207C24F9}.Debug|Any CPU.Build.0 = Debug|Any CPU
		{F39475A1-96AA-4923-8563-FD96207C24F9}.Release|Any CPU.ActiveCfg = Release|Any CPU
		{F39475A1-96AA-4923-8563-FD96207C24F9}.Release|Any CPU.Build.0 = Release|Any CPU
	EndGlobalSection
EndGlobal
